
Microsoft Visual Studio Solution File, Format Version 12.00
# Visual Studio Version 16
VisualStudioVersion = 16.0.31424.327
MinimumVisualStudioVersion = 10.0.40219.1
Project("{FAE04EC0-301F-11D3-BF4B-00C04F79EFBC}") = "MobiclipDecoder", "MobiclipDecoder\MobiclipDecoder.csproj", "{2DE0DBB3-C95F-4B8E-9623-2A5E76267D08}"
EndProject
Project("{FAE04EC0-301F-11D3-BF4B-00C04F79EFBC}") = "LibMobiclip", "LibMobiclip\LibMobiclip.csproj", "{9B64E02F-AF17-45F5-BFA2-165D11942C4D}"
EndProject
Project("{FAE04EC0-301F-11D3-BF4B-00C04F79EFBC}") = "MobiConverter", "MobiConverter\MobiConverter.csproj", "{BF164086-A1CA-4AF4-A64F-545943657AAB}"
EndProject
Global
	GlobalSection(SolutionConfigurationPlatforms) = preSolution
		Debug|Any CPU = Debug|Any CPU
		Release|Any CPU = Release|Any CPU
	EndGlobalSection
	GlobalSection(ProjectConfigurationPlatforms) = postSolution
		{2DE0DBB3-C95F-4B8E-9623-2A5E76267D08}.Debug|Any CPU.ActiveCfg = Debug|Any CPU
		{2DE0DBB3-C95F-4B8E-9623-2A5E76267D08}.Debug|Any CPU.Build.0 = Debug|Any CPU
		{2DE0DBB3-C95F-4B8E-9623-2A5E76267D08}.Release|Any CPU.ActiveCfg = Release|Any CPU
		{2DE0DBB3-C95F-4B8E-9623-2A5E76267D08}.Release|Any CPU.Build.0 = Release|Any CPU
		{9B64E02F-AF17-45F5-BFA2-165D11942C4D}.Debug|Any CPU.ActiveCfg = Debug|Any CPU
		{9B64E02F-AF17-45F5-BFA2-165D11942C4D}.Debug|Any CPU.Build.0 = Debug|Any CPU
		{9B64E02F-AF17-45F5-BFA2-165D11942C4D}.Release|Any CPU.ActiveCfg = Release|Any CPU
		{9B64E02F-AF17-45F5-BFA2-165D11942C4D}.Release|Any CPU.Build.0 = Release|Any CPU
		{BF164086-A1CA-4AF4-A64F-545943657AAB}.Debug|Any CPU.ActiveCfg = Debug|Any CPU
		{BF164086-A1CA-4AF4-A64F-545943657AAB}.Debug|Any CPU.Build.0 = Debug|Any CPU
		{BF164086-A1CA-4AF4-A64F-545943657AAB}.Release|Any CPU.ActiveCfg = Release|Any CPU
		{BF164086-A1CA-4AF4-A64F-545943657AAB}.Release|Any CPU.Build.0 = Release|Any CPU
	EndGlobalSection
	GlobalSection(SolutionProperties) = preSolution
		HideSolutionNode = FALSE
	EndGlobalSection
	GlobalSection(ExtensibilityGlobals) = postSolution
		SolutionGuid = {38C5745B-2632-4E7F-94AD-75519D46FE38}
	EndGlobalSection
EndGlobal
